
Microsoft Visual Studio Solution File, Format Version 12.00
# Visual Studio Version 17
VisualStudioVersion = 17.3.32929.385
MinimumVisualStudioVersion = 10.0.40219.1
Project("{9A19103F-16F7-4668-BE54-9A1E7A4F7556}") = "LemonEdge", "LemonEdge\LemonEdge.csproj", "{1C4D7260-E48B-4249-B845-2750420441F9}"
EndProject
Project("{9A19103F-16F7-4668-BE54-9A1E7A4F7556}") = "Library", "Library\Library.csproj", "{C51AFFC4-6572-48B2-8C1B-412876F5341E}"
EndProject
Project("{FAE04EC0-301F-11D3-BF4B-00C04F79EFBC}") = "Test", "Test\Test.csproj", "{1EAAC584-922D-4401-81D0-80C7CD031B76}"
EndProject
Global
	GlobalSection(SolutionConfigurationPlatforms) = preSolution
		Debug|Any CPU = Debug|Any CPU
		Release|Any CPU = Release|Any CPU
	EndGlobalSection
	GlobalSection(ProjectConfigurationPlatforms) = postSolution
		{1C4D7260-E48B-4249-B845-2750420441F9}.Debug|Any CPU.ActiveCfg = Debug|Any CPU
		{1C4D7260-E48B-4249-B845-2750420441F9}.Debug|Any CPU.Build.0 = Debug|Any CPU
		{1C4D7260-E48B-4249-B845-2750420441F9}.Release|Any CPU.ActiveCfg = Release|Any CPU
		{1C4D7260-E48B-4249-B845-2750420441F9}.Release|Any CPU.Build.0 = Release|Any CPU
		{C51AFFC4-6572-48B2-8C1B-412876F5341E}.Debug|Any CPU.ActiveCfg = Debug|Any CPU
		{C51AFFC4-6572-48B2-8C1B-412876F5341E}.Debug|Any CPU.Build.0 = Debug|Any CPU
		{C51AFFC4-6572-48B2-8C1B-412876F5341E}.Release|Any CPU.ActiveCfg = Release|Any CPU
		{C51AFFC4-6572-48B2-8C1B-412876F5341E}.Release|Any CPU.Build.0 = Release|Any CPU
		{1EAAC584-922D-4401-81D0-80C7CD031B76}.Debug|Any CPU.ActiveCfg = Debug|Any CPU
		{1EAAC584-922D-4401-81D0-80C7CD031B76}.Debug|Any CPU.Build.0 = Debug|Any CPU
		{1EAAC584-922D-4401-81D0-80C7CD031B76}.Release|Any CPU.ActiveCfg = Release|Any CPU
		{1EAAC584-922D-4401-81D0-80C7CD031B76}.Release|Any CPU.Build.0 = Release|Any CPU
	EndGlobalSection
	GlobalSection(SolutionProperties) = preSolution
		HideSolutionNode = FALSE
	EndGlobalSection
	GlobalSection(ExtensibilityGlobals) = postSolution
		SolutionGuid = {7CFA1B3D-5BC7-42C0-AE8F-DBB7A2F27DBC}
	EndGlobalSection
EndGlobal
